// !$*UTF8*$!
{
	archiveVersion = 1;
	classes = {
	};
	objectVersion = 46;
	objects = {

/* Begin PBXBuildFile section */
		7D4B27BE20286B3D001CA91B /* HJCarouselViewLayout.m in Sources */ = {isa = PBXBuildFile; fileRef = 7D4B27BD20286B3D001CA91B /* HJCarouselViewLayout.m */; };
		7D4B27C12029547A001CA91B /* PwdTableViewHandler.m in Sources */ = {isa = PBXBuildFile; fileRef = 7D4B27C02029547A001CA91B /* PwdTableViewHandler.m */; };
		7D4B27C520299403001CA91B /* PhotosVC.m in Sources */ = {isa = PBXBuildFile; fileRef = 7D4B27C420299403001CA91B /* PhotosVC.m */; };
		7DBF8FC92022F32E0030C3D5 /* ReqUtil.m in Sources */ = {isa = PBXBuildFile; fileRef = 7DBF8FC82022F32E0030C3D5 /* ReqUtil.m */; };
		7DBF8FCC2022F7080030C3D5 /* BYImageValue.m in Sources */ = {isa = PBXBuildFile; fileRef = 7DBF8FCB2022F7080030C3D5 /* BYImageValue.m */; };
		7DBF8FD320240D8D0030C3D5 /* DetailCollectionCell.m in Sources */ = {isa = PBXBuildFile; fileRef = 7DBF8FD120240D8D0030C3D5 /* DetailCollectionCell.m */; };
		7DBF8FD420240D8D0030C3D5 /* DetailCollectionCell.xib in Resources */ = {isa = PBXBuildFile; fileRef = 7DBF8FD220240D8D0030C3D5 /* DetailCollectionCell.xib */; };
		8F04A0892005CFCE00021908 /* SearchVCCell.m in Sources */ = {isa = PBXBuildFile; fileRef = 8F04A0882005CFCE00021908 /* SearchVCCell.m */; };
		8F15F29823754D1800D3FDFA /* UnsplashCell.xib in Resources */ = {isa = PBXBuildFile; fileRef = 8F15F28F23754D1700D3FDFA /* UnsplashCell.xib */; };
		8F15F29923754D1800D3FDFA /* UnsplashRequest.m in Sources */ = {isa = PBXBuildFile; fileRef = 8F15F29023754D1800D3FDFA /* UnsplashRequest.m */; };
		8F15F29A23754D1800D3FDFA /* UnsplashCell.m in Sources */ = {isa = PBXBuildFile; fileRef = 8F15F29123754D1800D3FDFA /* UnsplashCell.m */; };
		8F15F29B23754D1800D3FDFA /* UnsplashPhoto.m in Sources */ = {isa = PBXBuildFile; fileRef = 8F15F29223754D1800D3FDFA /* UnsplashPhoto.m */; };
		8F15F29C23754D1800D3FDFA /* UnsplashVC.m in Sources */ = {isa = PBXBuildFile; fileRef = 8F15F29623754D1800D3FDFA /* UnsplashVC.m */; };
		8F560B071FF0981100E726F9 /* NSString+PinYin4Cocoa.m in Sources */ = {isa = PBXBuildFile; fileRef = 8F560AFC1FF0981000E726F9 /* NSString+PinYin4Cocoa.m */; };
		8F560B081FF0981100E726F9 /* PinyinHelper.m in Sources */ = {isa = PBXBuildFile; fileRef = 8F560AFF1FF0981000E726F9 /* PinyinHelper.m */; };
		8F560B091FF0981100E726F9 /* HanyuPinyinOutputFormat.m in Sources */ = {isa = PBXBuildFile; fileRef = 8F560B011FF0981000E726F9 /* HanyuPinyinOutputFormat.m */; };
		8F560B0A1FF0981100E726F9 /* ChineseToPinyinResource.m in Sources */ = {isa = PBXBuildFile; fileRef = 8F560B021FF0981000E726F9 /* ChineseToPinyinResource.m */; };
		8F560B0B1FF0981100E726F9 /* PinyinFormatter.m in Sources */ = {isa = PBXBuildFile; fileRef = 8F560B031FF0981000E726F9 /* PinyinFormatter.m */; };
		8F560B0C1FF0981100E726F9 /* unicode_to_hanyu_pinyin.txt in Resources */ = {isa = PBXBuildFile; fileRef = 8F560B061FF0981000E726F9 /* unicode_to_hanyu_pinyin.txt */; };
		8F560B141FF0CA8E00E726F9 /* CellPositiveTransition.m in Sources */ = {isa = PBXBuildFile; fileRef = 8F560B131FF0CA8E00E726F9 /* CellPositiveTransition.m */; };
		8F560B171FF0EB5B00E726F9 /* CellNegativeTransition.m in Sources */ = {isa = PBXBuildFile; fileRef = 8F560B161FF0EB5B00E726F9 /* CellNegativeTransition.m */; };
		8F560B211FF3281800E726F9 /* FilterCondition.m in Sources */ = {isa = PBXBuildFile; fileRef = 8F560B201FF3281800E726F9 /* FilterCondition.m */; };
		8F560B2B1FF34ADE00E726F9 /* SearchPositiveTransition.m in Sources */ = {isa = PBXBuildFile; fileRef = 8F560B2A1FF34ADE00E726F9 /* SearchPositiveTransition.m */; };
		8F560B2E1FF371B300E726F9 /* SearchNegativeTransition.m in Sources */ = {isa = PBXBuildFile; fileRef = 8F560B2D1FF371B200E726F9 /* SearchNegativeTransition.m */; };
		8F560B331FF3891C00E726F9 /* AddVC.m in Sources */ = {isa = PBXBuildFile; fileRef = 8F560B321FF3891C00E726F9 /* AddVC.m */; };
		8F560B371FF38B6100E726F9 /* AddTransition.m in Sources */ = {isa = PBXBuildFile; fileRef = 8F560B361FF38B6100E726F9 /* AddTransition.m */; };
		8F560B3A1FF38CB600E726F9 /* PresentController.m in Sources */ = {isa = PBXBuildFile; fileRef = 8F560B391FF38CB600E726F9 /* PresentController.m */; };
		8F63F933237E961B00F83A12 /* LoginVC.m in Sources */ = {isa = PBXBuildFile; fileRef = 8F63F932237E961B00F83A12 /* LoginVC.m */; };
		8F7AA6D421394F390026344A /* MyColors.plist in Resources */ = {isa = PBXBuildFile; fileRef = 8F7AA6D121394F390026344A /* MyColors.plist */; };
		8F7AA6D521394F390026344A /* XTColor+MyColors.m in Sources */ = {isa = PBXBuildFile; fileRef = 8F7AA6D321394F390026344A /* XTColor+MyColors.m */; };
		8FBE487B1EF2764C005F0E74 /* UserViewController.m in Sources */ = {isa = PBXBuildFile; fileRef = 8FBE487A1EF2764C005F0E74 /* UserViewController.m */; };
		8FBE48B31EF29F15005F0E74 /* PingReverseTransition.m in Sources */ = {isa = PBXBuildFile; fileRef = 8FBE48B01EF29F15005F0E74 /* PingReverseTransition.m */; };
		8FBE48B41EF29F15005F0E74 /* PingTransition.m in Sources */ = {isa = PBXBuildFile; fileRef = 8FBE48B21EF29F15005F0E74 /* PingTransition.m */; };
		8FC14CFB1FF3FBB40024F86E /* SearchVC.m in Sources */ = {isa = PBXBuildFile; fileRef = 8FC14CFA1FF3FBB40024F86E /* SearchVC.m */; };
		8FC704672199292400ADCF57 /* test.js in Resources */ = {isa = PBXBuildFile; fileRef = 8FC704662199292400ADCF57 /* test.js */; };
		8FE58A92203C095800816ACC /* AliPayViews.m in Sources */ = {isa = PBXBuildFile; fileRef = 8FE58A88203C095800816ACC /* AliPayViews.m */; };
		8FE58A93203C095800816ACC /* KeychainData.m in Sources */ = {isa = PBXBuildFile; fileRef = 8FE58A8A203C095800816ACC /* KeychainData.m */; };
		8FE58A94203C095800816ACC /* KeychainItemWrapper.m in Sources */ = {isa = PBXBuildFile; fileRef = 8FE58A8B203C095800816ACC /* KeychainItemWrapper.m */; settings = {COMPILER_FLAGS = "-fno-objc-arc"; }; };
		8FE58A95203C095800816ACC /* AliPayItem.m in Sources */ = {isa = PBXBuildFile; fileRef = 8FE58A8C203C095800816ACC /* AliPayItem.m */; };
		8FE58A96203C095800816ACC /* AlipaySubItem.m in Sources */ = {isa = PBXBuildFile; fileRef = 8FE58A8D203C095800816ACC /* AlipaySubItem.m */; };
		8FE58A99203C202200816ACC /* SetpasswordViewController.m in Sources */ = {isa = PBXBuildFile; fileRef = 8FE58A98203C202200816ACC /* SetpasswordViewController.m */; };
		8FF9601C209C0F5B00751522 /* GoogleService-Info.plist in Resources */ = {isa = PBXBuildFile; fileRef = 8FF9601B209C0F5B00751522 /* GoogleService-Info.plist */; };
		8FF9601E209C0F7400751522 /* Podfile in Resources */ = {isa = PBXBuildFile; fileRef = 8FF9601D209C0F7400751522 /* Podfile */; };
		8FFC6CF11EEF735A00F55173 /* main.m in Sources */ = {isa = PBXBuildFile; fileRef = 8FFC6CF01EEF735A00F55173 /* main.m */; };
		8FFC6CF41EEF735A00F55173 /* AppDelegate.m in Sources */ = {isa = PBXBuildFile; fileRef = 8FFC6CF31EEF735A00F55173 /* AppDelegate.m */; };
		8FFC6CFA1EEF735A00F55173 /* Main.storyboard in Resources */ = {isa = PBXBuildFile; fileRef = 8FFC6CF81EEF735A00F55173 /* Main.storyboard */; };
		8FFC6CFC1EEF735A00F55173 /* Assets.xcassets in Resources */ = {isa = PBXBuildFile; fileRef = 8FFC6CFB1EEF735A00F55173 /* Assets.xcassets */; };
		8FFC6CFF1EEF735A00F55173 /* LaunchScreen.storyboard in Resources */ = {isa = PBXBuildFile; fileRef = 8FFC6CFD1EEF735A00F55173 /* LaunchScreen.storyboard */; };
		8FFC6D191EEF74D900F55173 /* PwdListController.m in Sources */ = {isa = PBXBuildFile; fileRef = 8FFC6D181EEF74D900F55173 /* PwdListController.m */; };
		8FFC6D1D1EEF7A3B00F55173 /* DetailViewController.m in Sources */ = {isa = PBXBuildFile; fileRef = 8FFC6D1C1EEF7A3B00F55173 /* DetailViewController.m */; };
		8FFC6D201EEF7A4B00F55173 /* EditViewController.m in Sources */ = {isa = PBXBuildFile; fileRef = 8FFC6D1F1EEF7A4B00F55173 /* EditViewController.m */; };
		8FFC6D241EEF7A8000F55173 /* PwdItem.m in Sources */ = {isa = PBXBuildFile; fileRef = 8FFC6D231EEF7A8000F55173 /* PwdItem.m */; };
		8FFC6D271EEF7EBD00F55173 /* ListCell.m in Sources */ = {isa = PBXBuildFile; fileRef = 8FFC6D261EEF7EBD00F55173 /* ListCell.m */; };
		C5274072799BE6F1E165C9A4 /* Pods_xtcPwd.framework in Frameworks */ = {isa = PBXBuildFile; fileRef = AD5ACEEF70485ED9BF2F0BA3 /* Pods_xtcPwd.framework */; };
/* End PBXBuildFile section */

/* Begin PBXFileReference section */
		584BB44BB24BE551F2224502 /* Pods-xtcPwd.debug.xcconfig */ = {isa = PBXFileReference; includeInIndex = 1; lastKnownFileType = text.xcconfig; name = "Pods-xtcPwd.debug.xcconfig"; path = "Pods/Target Support Files/Pods-xtcPwd/Pods-xtcPwd.debug.xcconfig"; sourceTree = "<group>"; };
		6D14ABF917EF77F2AA611DCF /* Pods-xtcPwd.release.xcconfig */ = {isa = PBXFileReference; includeInIndex = 1; lastKnownFileType = text.xcconfig; name = "Pods-xtcPwd.release.xcconfig"; path = "Pods/Target Support Files/Pods-xtcPwd/Pods-xtcPwd.release.xcconfig"; sourceTree = "<group>"; };
		7D4B27BC20286B3D001CA91B /* HJCarouselViewLayout.h */ = {isa = PBXFileReference; fileEncoding = 4; lastKnownFileType = sourcecode.c.h; path = HJCarouselViewLayout.h; sourceTree = "<group>"; };
		7D4B27BD20286B3D001CA91B /* HJCarouselViewLayout.m */ = {isa = PBXFileReference; fileEncoding = 4; lastKnownFileType = sourcecode.c.objc; path = HJCarouselViewLayout.m; sourceTree = "<group>"; };
		7D4B27BF2029547A001CA91B /* PwdTableViewHandler.h */ = {isa = PBXFileReference; lastKnownFileType = sourcecode.c.h; path = PwdTableViewHandler.h; sourceTree = "<group>"; };
		7D4B27C02029547A001CA91B /* PwdTableViewHandler.m */ = {isa = PBXFileReference; lastKnownFileType = sourcecode.c.objc; path = PwdTableViewHandler.m; sourceTree = "<group>"; };
		7D4B27C320299403001CA91B /* PhotosVC.h */ = {isa = PBXFileReference; lastKnownFileType = sourcecode.c.h; path = PhotosVC.h; sourceTree = "<group>"; };
		7D4B27C420299403001CA91B /* PhotosVC.m */ = {isa = PBXFileReference; lastKnownFileType = sourcecode.c.objc; path = PhotosVC.m; sourceTree = "<group>"; };
		7DBF8FC72022F32E0030C3D5 /* ReqUtil.h */ = {isa = PBXFileReference; lastKnownFileType = sourcecode.c.h; path = ReqUtil.h; sourceTree = "<group>"; };
		7DBF8FC82022F32E0030C3D5 /* ReqUtil.m */ = {isa = PBXFileReference; lastKnownFileType = sourcecode.c.objc; path = ReqUtil.m; sourceTree = "<group>"; };
		7DBF8FCA2022F7080030C3D5 /* BYImageValue.h */ = {isa = PBXFileReference; lastKnownFileType = sourcecode.c.h; path = BYImageValue.h; sourceTree = "<group>"; };
		7DBF8FCB2022F7080030C3D5 /* BYImageValue.m */ = {isa = PBXFileReference; lastKnownFileType = sourcecode.c.objc; path = BYImageValue.m; sourceTree = "<group>"; };
		7DBF8FD020240D8D0030C3D5 /* DetailCollectionCell.h */ = {isa = PBXFileReference; lastKnownFileType = sourcecode.c.h; path = DetailCollectionCell.h; sourceTree = "<group>"; };
		7DBF8FD120240D8D0030C3D5 /* DetailCollectionCell.m */ = {isa = PBXFileReference; lastKnownFileType = sourcecode.c.objc; path = DetailCollectionCell.m; sourceTree = "<group>"; };
		7DBF8FD220240D8D0030C3D5 /* DetailCollectionCell.xib */ = {isa = PBXFileReference; lastKnownFileType = file.xib; path = DetailCollectionCell.xib; sourceTree = "<group>"; };
		8F04A0872005CFCE00021908 /* SearchVCCell.h */ = {isa = PBXFileReference; lastKnownFileType = sourcecode.c.h; path = SearchVCCell.h; sourceTree = "<group>"; };
		8F04A0882005CFCE00021908 /* SearchVCCell.m */ = {isa = PBXFileReference; lastKnownFileType = sourcecode.c.objc; path = SearchVCCell.m; sourceTree = "<group>"; };
		8F15F28F23754D1700D3FDFA /* UnsplashCell.xib */ = {isa = PBXFileReference; fileEncoding = 4; lastKnownFileType = file.xib; path = UnsplashCell.xib; sourceTree = "<group>"; };
		8F15F29023754D1800D3FDFA /* UnsplashRequest.m */ = {isa = PBXFileReference; fileEncoding = 4; lastKnownFileType = sourcecode.c.objc; path = UnsplashRequest.m; sourceTree = "<group>"; };
		8F15F29123754D1800D3FDFA /* UnsplashCell.m */ = {isa = PBXFileReference; fileEncoding = 4; lastKnownFileType = sourcecode.c.objc; path = UnsplashCell.m; sourceTree = "<group>"; };
		8F15F29223754D1800D3FDFA /* UnsplashPhoto.m */ = {isa = PBXFileReference; fileEncoding = 4; lastKnownFileType = sourcecode.c.objc; path = UnsplashPhoto.m; sourceTree = "<group>"; };
		8F15F29323754D1800D3FDFA /* UnsplashVC.h */ = {isa = PBXFileReference; fileEncoding = 4; lastKnownFileType = sourcecode.c.h; path = UnsplashVC.h; sourceTree = "<group>"; };
		8F15F29423754D1800D3FDFA /* UnsplashRequest.h */ = {isa = PBXFileReference; fileEncoding = 4; lastKnownFileType = sourcecode.c.h; path = UnsplashRequest.h; sourceTree = "<group>"; };
		8F15F29523754D1800D3FDFA /* UnsplashCell.h */ = {isa = PBXFileReference; fileEncoding = 4; lastKnownFileType = sourcecode.c.h; path = UnsplashCell.h; sourceTree = "<group>"; };
		8F15F29623754D1800D3FDFA /* UnsplashVC.m */ = {isa = PBXFileReference; fileEncoding = 4; lastKnownFileType = sourcecode.c.objc; path = UnsplashVC.m; sourceTree = "<group>"; };
		8F15F29723754D1800D3FDFA /* UnsplashPhoto.h */ = {isa = PBXFileReference; fileEncoding = 4; lastKnownFileType = sourcecode.c.h; path = UnsplashPhoto.h; sourceTree = "<group>"; };
		8F15F29D23754FD900D3FDFA /* PrefixHeader.pch */ = {isa = PBXFileReference; lastKnownFileType = sourcecode.c.h; path = PrefixHeader.pch; sourceTree = "<group>"; };
		8F560AFA1FF0981000E726F9 /* PinyinHelper.h */ = {isa = PBXFileReference; fileEncoding = 4; lastKnownFileType = sourcecode.c.h; path = PinyinHelper.h; sourceTree = "<group>"; };
		8F560AFB1FF0981000E726F9 /* HanyuPinyinOutputFormat.h */ = {isa = PBXFileReference; fileEncoding = 4; lastKnownFileType = sourcecode.c.h; path = HanyuPinyinOutputFormat.h; sourceTree = "<group>"; };
		8F560AFC1FF0981000E726F9 /* NSString+PinYin4Cocoa.m */ = {isa = PBXFileReference; fileEncoding = 4; lastKnownFileType = sourcecode.c.objc; path = "NSString+PinYin4Cocoa.m"; sourceTree = "<group>"; };
		8F560AFD1FF0981000E726F9 /* ChineseToPinyinResource.h */ = {isa = PBXFileReference; fileEncoding = 4; lastKnownFileType = sourcecode.c.h; path = ChineseToPinyinResource.h; sourceTree = "<group>"; };
		8F560AFE1FF0981000E726F9 /* PinyinFormatter.h */ = {isa = PBXFileReference; fileEncoding = 4; lastKnownFileType = sourcecode.c.h; path = PinyinFormatter.h; sourceTree = "<group>"; };
		8F560AFF1FF0981000E726F9 /* PinyinHelper.m */ = {isa = PBXFileReference; fileEncoding = 4; lastKnownFileType = sourcecode.c.objc; path = PinyinHelper.m; sourceTree = "<group>"; };
		8F560B001FF0981000E726F9 /* NSString+PinYin4Cocoa.h */ = {isa = PBXFileReference; fileEncoding = 4; lastKnownFileType = sourcecode.c.h; path = "NSString+PinYin4Cocoa.h"; sourceTree = "<group>"; };
		8F560B011FF0981000E726F9 /* HanyuPinyinOutputFormat.m */ = {isa = PBXFileReference; fileEncoding = 4; lastKnownFileType = sourcecode.c.objc; path = HanyuPinyinOutputFormat.m; sourceTree = "<group>"; };
		8F560B021FF0981000E726F9 /* ChineseToPinyinResource.m */ = {isa = PBXFileReference; fileEncoding = 4; lastKnownFileType = sourcecode.c.objc; path = ChineseToPinyinResource.m; sourceTree = "<group>"; };
		8F560B031FF0981000E726F9 /* PinyinFormatter.m */ = {isa = PBXFileReference; fileEncoding = 4; lastKnownFileType = sourcecode.c.objc; path = PinyinFormatter.m; sourceTree = "<group>"; };
		8F560B041FF0981000E726F9 /* PinYin4Objc.h */ = {isa = PBXFileReference; fileEncoding = 4; lastKnownFileType = sourcecode.c.h; path = PinYin4Objc.h; sourceTree = "<group>"; };
		8F560B061FF0981000E726F9 /* unicode_to_hanyu_pinyin.txt */ = {isa = PBXFileReference; fileEncoding = 4; lastKnownFileType = text; path = unicode_to_hanyu_pinyin.txt; sourceTree = "<group>"; };
		8F560B121FF0CA8E00E726F9 /* CellPositiveTransition.h */ = {isa = PBXFileReference; lastKnownFileType = sourcecode.c.h; path = CellPositiveTransition.h; sourceTree = "<group>"; };
		8F560B131FF0CA8E00E726F9 /* CellPositiveTransition.m */ = {isa = PBXFileReference; lastKnownFileType = sourcecode.c.objc; path = CellPositiveTransition.m; sourceTree = "<group>"; };
		8F560B151FF0EB5B00E726F9 /* CellNegativeTransition.h */ = {isa = PBXFileReference; lastKnownFileType = sourcecode.c.h; path = CellNegativeTransition.h; sourceTree = "<group>"; };
		8F560B161FF0EB5B00E726F9 /* CellNegativeTransition.m */ = {isa = PBXFileReference; lastKnownFileType = sourcecode.c.objc; path = CellNegativeTransition.m; sourceTree = "<group>"; };
		8F560B1F1FF3281800E726F9 /* FilterCondition.h */ = {isa = PBXFileReference; lastKnownFileType = sourcecode.c.h; name = FilterCondition.h; path = Model/FilterCondition.h; sourceTree = "<group>"; };
		8F560B201FF3281800E726F9 /* FilterCondition.m */ = {isa = PBXFileReference; lastKnownFileType = sourcecode.c.objc; name = FilterCondition.m; path = Model/FilterCondition.m; sourceTree = "<group>"; };
		8F560B291FF34ADE00E726F9 /* SearchPositiveTransition.h */ = {isa = PBXFileReference; lastKnownFileType = sourcecode.c.h; path = SearchPositiveTransition.h; sourceTree = "<group>"; };
		8F560B2A1FF34ADE00E726F9 /* SearchPositiveTransition.m */ = {isa = PBXFileReference; lastKnownFileType = sourcecode.c.objc; path = SearchPositiveTransition.m; sourceTree = "<group>"; };
		8F560B2C1FF371B200E726F9 /* SearchNegativeTransition.h */ = {isa = PBXFileReference; lastKnownFileType = sourcecode.c.h; path = SearchNegativeTransition.h; sourceTree = "<group>"; };
		8F560B2D1FF371B200E726F9 /* SearchNegativeTransition.m */ = {isa = PBXFileReference; lastKnownFileType = sourcecode.c.objc; path = SearchNegativeTransition.m; sourceTree = "<group>"; };
		8F560B311FF3891C00E726F9 /* AddVC.h */ = {isa = PBXFileReference; lastKnownFileType = sourcecode.c.h; path = AddVC.h; sourceTree = "<group>"; };
		8F560B321FF3891C00E726F9 /* AddVC.m */ = {isa = PBXFileReference; lastKnownFileType = sourcecode.c.objc; path = AddVC.m; sourceTree = "<group>"; };
		8F560B351FF38B6100E726F9 /* AddTransition.h */ = {isa = PBXFileReference; lastKnownFileType = sourcecode.c.h; path = AddTransition.h; sourceTree = "<group>"; };
		8F560B361FF38B6100E726F9 /* AddTransition.m */ = {isa = PBXFileReference; lastKnownFileType = sourcecode.c.objc; path = AddTransition.m; sourceTree = "<group>"; };
		8F560B381FF38CB600E726F9 /* PresentController.h */ = {isa = PBXFileReference; lastKnownFileType = sourcecode.c.h; path = PresentController.h; sourceTree = "<group>"; };
		8F560B391FF38CB600E726F9 /* PresentController.m */ = {isa = PBXFileReference; lastKnownFileType = sourcecode.c.objc; path = PresentController.m; sourceTree = "<group>"; };
		8F63F931237E961B00F83A12 /* LoginVC.h */ = {isa = PBXFileReference; lastKnownFileType = sourcecode.c.h; path = LoginVC.h; sourceTree = "<group>"; };
		8F63F932237E961B00F83A12 /* LoginVC.m */ = {isa = PBXFileReference; lastKnownFileType = sourcecode.c.objc; path = LoginVC.m; sourceTree = "<group>"; };
		8F7AA6D121394F390026344A /* MyColors.plist */ = {isa = PBXFileReference; fileEncoding = 4; lastKnownFileType = text.plist.xml; path = MyColors.plist; sourceTree = "<group>"; };
		8F7AA6D221394F390026344A /* XTColor+MyColors.h */ = {isa = PBXFileReference; fileEncoding = 4; lastKnownFileType = sourcecode.c.h; path = "XTColor+MyColors.h"; sourceTree = "<group>"; };
		8F7AA6D321394F390026344A /* XTColor+MyColors.m */ = {isa = PBXFileReference; fileEncoding = 4; lastKnownFileType = sourcecode.c.objc; path = "XTColor+MyColors.m"; sourceTree = "<group>"; };
		8FBE48791EF2764C005F0E74 /* UserViewController.h */ = {isa = PBXFileReference; fileEncoding = 4; lastKnownFileType = sourcecode.c.h; path = UserViewController.h; sourceTree = "<group>"; };
		8FBE487A1EF2764C005F0E74 /* UserViewController.m */ = {isa = PBXFileReference; fileEncoding = 4; lastKnownFileType = sourcecode.c.objc; path = UserViewController.m; sourceTree = "<group>"; };
		8FBE48AF1EF29F15005F0E74 /* PingReverseTransition.h */ = {isa = PBXFileReference; fileEncoding = 4; lastKnownFileType = sourcecode.c.h; path = PingReverseTransition.h; sourceTree = "<group>"; };
		8FBE48B01EF29F15005F0E74 /* PingReverseTransition.m */ = {isa = PBXFileReference; fileEncoding = 4; lastKnownFileType = sourcecode.c.objc; path = PingReverseTransition.m; sourceTree = "<group>"; };
		8FBE48B11EF29F15005F0E74 /* PingTransition.h */ = {isa = PBXFileReference; fileEncoding = 4; lastKnownFileType = sourcecode.c.h; path = PingTransition.h; sourceTree = "<group>"; };
		8FBE48B21EF29F15005F0E74 /* PingTransition.m */ = {isa = PBXFileReference; fileEncoding = 4; lastKnownFileType = sourcecode.c.objc; path = PingTransition.m; sourceTree = "<group>"; };
		8FC14CF91FF3FBB40024F86E /* SearchVC.h */ = {isa = PBXFileReference; fileEncoding = 4; lastKnownFileType = sourcecode.c.h; path = SearchVC.h; sourceTree = "<group>"; };
		8FC14CFA1FF3FBB40024F86E /* SearchVC.m */ = {isa = PBXFileReference; fileEncoding = 4; lastKnownFileType = sourcecode.c.objc; path = SearchVC.m; sourceTree = "<group>"; };
		8FC704662199292400ADCF57 /* test.js */ = {isa = PBXFileReference; lastKnownFileType = sourcecode.javascript; path = test.js; sourceTree = "<group>"; };
		8FE58A87203C095800816ACC /* AlipaySubItem.h */ = {isa = PBXFileReference; fileEncoding = 4; lastKnownFileType = sourcecode.c.h; path = AlipaySubItem.h; sourceTree = "<group>"; };
		8FE58A88203C095800816ACC /* AliPayViews.m */ = {isa = PBXFileReference; fileEncoding = 4; lastKnownFileType = sourcecode.c.objc; path = AliPayViews.m; sourceTree = "<group>"; };
		8FE58A89203C095800816ACC /* Header.h */ = {isa = PBXFileReference; fileEncoding = 4; lastKnownFileType = sourcecode.c.h; path = Header.h; sourceTree = "<group>"; };
		8FE58A8A203C095800816ACC /* KeychainData.m */ = {isa = PBXFileReference; fileEncoding = 4; lastKnownFileType = sourcecode.c.objc; path = KeychainData.m; sourceTree = "<group>"; };
		8FE58A8B203C095800816ACC /* KeychainItemWrapper.m */ = {isa = PBXFileReference; fileEncoding = 4; lastKnownFileType = sourcecode.c.objc; path = KeychainItemWrapper.m; sourceTree = "<group>"; };
		8FE58A8C203C095800816ACC /* AliPayItem.m */ = {isa = PBXFileReference; fileEncoding = 4; lastKnownFileType = sourcecode.c.objc; path = AliPayItem.m; sourceTree = "<group>"; };
		8FE58A8D203C095800816ACC /* AlipaySubItem.m */ = {isa = PBXFileReference; fileEncoding = 4; lastKnownFileType = sourcecode.c.objc; path = AlipaySubItem.m; sourceTree = "<group>"; };
		8FE58A8E203C095800816ACC /* KeychainItemWrapper.h */ = {isa = PBXFileReference; fileEncoding = 4; lastKnownFileType = sourcecode.c.h; path = KeychainItemWrapper.h; sourceTree = "<group>"; };
		8FE58A8F203C095800816ACC /* KeychainData.h */ = {isa = PBXFileReference; fileEncoding = 4; lastKnownFileType = sourcecode.c.h; path = KeychainData.h; sourceTree = "<group>"; };
		8FE58A90203C095800816ACC /* AliPayViews.h */ = {isa = PBXFileReference; fileEncoding = 4; lastKnownFileType = sourcecode.c.h; path = AliPayViews.h; sourceTree = "<group>"; };
		8FE58A91203C095800816ACC /* AliPayItem.h */ = {isa = PBXFileReference; fileEncoding = 4; lastKnownFileType = sourcecode.c.h; path = AliPayItem.h; sourceTree = "<group>"; };
		8FE58A97203C202200816ACC /* SetpasswordViewController.h */ = {isa = PBXFileReference; fileEncoding = 4; lastKnownFileType = sourcecode.c.h; path = SetpasswordViewController.h; sourceTree = "<group>"; };
		8FE58A98203C202200816ACC /* SetpasswordViewController.m */ = {isa = PBXFileReference; fileEncoding = 4; lastKnownFileType = sourcecode.c.objc; path = SetpasswordViewController.m; sourceTree = "<group>"; };
		8FF9601B209C0F5B00751522 /* GoogleService-Info.plist */ = {isa = PBXFileReference; fileEncoding = 4; lastKnownFileType = text.plist.xml; path = "GoogleService-Info.plist"; sourceTree = "<group>"; };
		8FF9601D209C0F7400751522 /* Podfile */ = {isa = PBXFileReference; fileEncoding = 4; lastKnownFileType = text; path = Podfile; sourceTree = "<group>"; xcLanguageSpecificationIdentifier = xcode.lang.ruby; };
		8FFC6CEC1EEF735A00F55173 /* xtcPwd.app */ = {isa = PBXFileReference; explicitFileType = wrapper.application; includeInIndex = 0; path = xtcPwd.app; sourceTree = BUILT_PRODUCTS_DIR; };
		8FFC6CF01EEF735A00F55173 /* main.m */ = {isa = PBXFileReference; lastKnownFileType = sourcecode.c.objc; path = main.m; sourceTree = "<group>"; };
		8FFC6CF21EEF735A00F55173 /* AppDelegate.h */ = {isa = PBXFileReference; lastKnownFileType = sourcecode.c.h; path = AppDelegate.h; sourceTree = "<group>"; };
		8FFC6CF31EEF735A00F55173 /* AppDelegate.m */ = {isa = PBXFileReference; lastKnownFileType = sourcecode.c.objc; path = AppDelegate.m; sourceTree = "<group>"; };
		8FFC6CF91EEF735A00F55173 /* Base */ = {isa = PBXFileReference; lastKnownFileType = file.storyboard; name = Base; path = Base.lproj/Main.storyboard; sourceTree = "<group>"; };
		8FFC6CFB1EEF735A00F55173 /* Assets.xcassets */ = {isa = PBXFileReference; lastKnownFileType = folder.assetcatalog; path = Assets.xcassets; sourceTree = "<group>"; };
		8FFC6CFE1EEF735A00F55173 /* Base */ = {isa = PBXFileReference; lastKnownFileType = file.storyboard; name = Base; path = Base.lproj/LaunchScreen.storyboard; sourceTree = "<group>"; };
		8FFC6D001EEF735A00F55173 /* Info.plist */ = {isa = PBXFileReference; lastKnownFileType = text.plist.xml; path = Info.plist; sourceTree = "<group>"; };
		8FFC6D171EEF74D900F55173 /* PwdListController.h */ = {isa = PBXFileReference; fileEncoding = 4; lastKnownFileType = sourcecode.c.h; path = PwdListController.h; sourceTree = "<group>"; };
		8FFC6D181EEF74D900F55173 /* PwdListController.m */ = {isa = PBXFileReference; fileEncoding = 4; lastKnownFileType = sourcecode.c.objc; path = PwdListController.m; sourceTree = "<group>"; };
		8FFC6D1B1EEF7A3B00F55173 /* DetailViewController.h */ = {isa = PBXFileReference; fileEncoding = 4; lastKnownFileType = sourcecode.c.h; path = DetailViewController.h; sourceTree = "<group>"; };
		8FFC6D1C1EEF7A3B00F55173 /* DetailViewController.m */ = {isa = PBXFileReference; fileEncoding = 4; lastKnownFileType = sourcecode.c.objc; path = DetailViewController.m; sourceTree = "<group>"; };
		8FFC6D1E1EEF7A4B00F55173 /* EditViewController.h */ = {isa = PBXFileReference; fileEncoding = 4; lastKnownFileType = sourcecode.c.h; path = EditViewController.h; sourceTree = "<group>"; };
		8FFC6D1F1EEF7A4B00F55173 /* EditViewController.m */ = {isa = PBXFileReference; fileEncoding = 4; lastKnownFileType = sourcecode.c.objc; path = EditViewController.m; sourceTree = "<group>"; };
		8FFC6D221EEF7A8000F55173 /* PwdItem.h */ = {isa = PBXFileReference; fileEncoding = 4; lastKnownFileType = sourcecode.c.h; name = PwdItem.h; path = Model/PwdItem.h; sourceTree = "<group>"; };
		8FFC6D231EEF7A8000F55173 /* PwdItem.m */ = {isa = PBXFileReference; fileEncoding = 4; lastKnownFileType = sourcecode.c.objc; name = PwdItem.m; path = Model/PwdItem.m; sourceTree = "<group>"; };
		8FFC6D251EEF7EBD00F55173 /* ListCell.h */ = {isa = PBXFileReference; fileEncoding = 4; lastKnownFileType = sourcecode.c.h; path = ListCell.h; sourceTree = "<group>"; };
		8FFC6D261EEF7EBD00F55173 /* ListCell.m */ = {isa = PBXFileReference; fileEncoding = 4; lastKnownFileType = sourcecode.c.objc; path = ListCell.m; sourceTree = "<group>"; };
		AD5ACEEF70485ED9BF2F0BA3 /* Pods_xtcPwd.framework */ = {isa = PBXFileReference; explicitFileType = wrapper.framework; includeInIndex = 0; path = Pods_xtcPwd.framework; sourceTree = BUILT_PRODUCTS_DIR; };
/* End PBXFileReference section */

/* Begin PBXFrameworksBuildPhase section */
		8FFC6CE91EEF735A00F55173 /* Frameworks */ = {
			isa = PBXFrameworksBuildPhase;
			buildActionMask = 2147483647;
			files = (
				C5274072799BE6F1E165C9A4 /* Pods_xtcPwd.framework in Frameworks */,
			);
			runOnlyForDeploymentPostprocessing = 0;
		};
/* End PBXFrameworksBuildPhase section */

/* Begin PBXGroup section */
		103B394664DFEE2E8762589E /* Frameworks */ = {
			isa = PBXGroup;
			children = (
				AD5ACEEF70485ED9BF2F0BA3 /* Pods_xtcPwd.framework */,
			);
			name = Frameworks;
			sourceTree = "<group>";
		};
		675E837E288704CCB2A32852 /* Pods */ = {
			isa = PBXGroup;
			children = (
				584BB44BB24BE551F2224502 /* Pods-xtcPwd.debug.xcconfig */,
				6D14ABF917EF77F2AA611DCF /* Pods-xtcPwd.release.xcconfig */,
			);
			name = Pods;
			sourceTree = "<group>";
		};
		7D4B27BB20286B26001CA91B /* Vender */ = {
			isa = PBXGroup;
			children = (
				8FE58A86203C095800816ACC /* gesturePwd */,
				7D4B27BC20286B3D001CA91B /* HJCarouselViewLayout.h */,
				7D4B27BD20286B3D001CA91B /* HJCarouselViewLayout.m */,
			);
			name = Vender;
			sourceTree = "<group>";
		};
		7D4B27C2202993EC001CA91B /* Photos */ = {
			isa = PBXGroup;
			children = (
				8F15F28E23754D1700D3FDFA /* Unsplash */,
				7D4B27C320299403001CA91B /* PhotosVC.h */,
				7D4B27C420299403001CA91B /* PhotosVC.m */,
			);
			path = Photos;
			sourceTree = "<group>";
		};
		8F15F28E23754D1700D3FDFA /* Unsplash */ = {
			isa = PBXGroup;
			children = (
				8F15F28F23754D1700D3FDFA /* UnsplashCell.xib */,
				8F15F29423754D1800D3FDFA /* UnsplashRequest.h */,
				8F15F29023754D1800D3FDFA /* UnsplashRequest.m */,
				8F15F29523754D1800D3FDFA /* UnsplashCell.h */,
				8F15F29123754D1800D3FDFA /* UnsplashCell.m */,
				8F15F29723754D1800D3FDFA /* UnsplashPhoto.h */,
				8F15F29223754D1800D3FDFA /* UnsplashPhoto.m */,
				8F15F29323754D1800D3FDFA /* UnsplashVC.h */,
				8F15F29623754D1800D3FDFA /* UnsplashVC.m */,
			);
			path = Unsplash;
			sourceTree = "<group>";
		};
		8F560AF81FF0981000E726F9 /* PinYin4Objc */ = {
			isa = PBXGroup;
			children = (
				8F560AF91FF0981000E726F9 /* Classes */,
				8F560B051FF0981000E726F9 /* Resources */,
			);
			path = PinYin4Objc;
			sourceTree = "<group>";
		};
		8F560AF91FF0981000E726F9 /* Classes */ = {
			isa = PBXGroup;
			children = (
				8F560AFA1FF0981000E726F9 /* PinyinHelper.h */,
				8F560AFB1FF0981000E726F9 /* HanyuPinyinOutputFormat.h */,
				8F560AFC1FF0981000E726F9 /* NSString+PinYin4Cocoa.m */,
				8F560AFD1FF0981000E726F9 /* ChineseToPinyinResource.h */,
				8F560AFE1FF0981000E726F9 /* PinyinFormatter.h */,
				8F560AFF1FF0981000E726F9 /* PinyinHelper.m */,
				8F560B001FF0981000E726F9 /* NSString+PinYin4Cocoa.h */,
				8F560B011FF0981000E726F9 /* HanyuPinyinOutputFormat.m */,
				8F560B021FF0981000E726F9 /* ChineseToPinyinResource.m */,
				8F560B031FF0981000E726F9 /* PinyinFormatter.m */,
				8F560B041FF0981000E726F9 /* PinYin4Objc.h */,
			);
			path = Classes;
			sourceTree = "<group>";
		};
		8F560B051FF0981000E726F9 /* Resources */ = {
			isa = PBXGroup;
			children = (
				8F560B061FF0981000E726F9 /* unicode_to_hanyu_pinyin.txt */,
			);
			path = Resources;
			sourceTree = "<group>";
		};
		8F560B0D1FF0BE6400E726F9 /* MainList */ = {
			isa = PBXGroup;
			children = (
				8FFC6D171EEF74D900F55173 /* PwdListController.h */,
				8FFC6D181EEF74D900F55173 /* PwdListController.m */,
				7D4B27BF2029547A001CA91B /* PwdTableViewHandler.h */,
				7D4B27C02029547A001CA91B /* PwdTableViewHandler.m */,
				8FFC6D251EEF7EBD00F55173 /* ListCell.h */,
				8FFC6D261EEF7EBD00F55173 /* ListCell.m */,
				8F560B281FF34ABA00E726F9 /* transition_rightbt */,
				8F560B111FF0CA5200E726F9 /* transition_tablecell */,
				8FBE48AE1EF29F15005F0E74 /* transition_leftbt */,
			);
			path = MainList;
			sourceTree = "<group>";
		};
		8F560B0E1FF0BE8000E726F9 /* Detail */ = {
			isa = PBXGroup;
			children = (
				8FFC6D1B1EEF7A3B00F55173 /* DetailViewController.h */,
				8FFC6D1C1EEF7A3B00F55173 /* DetailViewController.m */,
				7DBF8FD020240D8D0030C3D5 /* DetailCollectionCell.h */,
				7DBF8FD120240D8D0030C3D5 /* DetailCollectionCell.m */,
				7DBF8FD220240D8D0030C3D5 /* DetailCollectionCell.xib */,
			);
			path = Detail;
			sourceTree = "<group>";
		};
		8F560B0F1FF0BE8D00E726F9 /* Edit */ = {
			isa = PBXGroup;
			children = (
				8FFC6D1E1EEF7A4B00F55173 /* EditViewController.h */,
				8FFC6D1F1EEF7A4B00F55173 /* EditViewController.m */,
			);
			path = Edit;
			sourceTree = "<group>";
		};
		8F560B101FF0BE9D00E726F9 /* User */ = {
			isa = PBXGroup;
			children = (
				8FBE48791EF2764C005F0E74 /* UserViewController.h */,
				8FBE487A1EF2764C005F0E74 /* UserViewController.m */,
				8FE58A97203C202200816ACC /* SetpasswordViewController.h */,
				8FE58A98203C202200816ACC /* SetpasswordViewController.m */,
			);
			path = User;
			sourceTree = "<group>";
		};
		8F560B111FF0CA5200E726F9 /* transition_tablecell */ = {
			isa = PBXGroup;
			children = (
				8F560B121FF0CA8E00E726F9 /* CellPositiveTransition.h */,
				8F560B131FF0CA8E00E726F9 /* CellPositiveTransition.m */,
				8F560B151FF0EB5B00E726F9 /* CellNegativeTransition.h */,
				8F560B161FF0EB5B00E726F9 /* CellNegativeTransition.m */,
			);
			path = transition_tablecell;
			sourceTree = "<group>";
		};
		8F560B181FF2146300E726F9 /* Search */ = {
			isa = PBXGroup;
			children = (
				8FC14CF91FF3FBB40024F86E /* SearchVC.h */,
				8FC14CFA1FF3FBB40024F86E /* SearchVC.m */,
				8F04A0872005CFCE00021908 /* SearchVCCell.h */,
				8F04A0882005CFCE00021908 /* SearchVCCell.m */,
			);
			path = Search;
			sourceTree = "<group>";
		};
		8F560B281FF34ABA00E726F9 /* transition_rightbt */ = {
			isa = PBXGroup;
			children = (
				8F560B291FF34ADE00E726F9 /* SearchPositiveTransition.h */,
				8F560B2A1FF34ADE00E726F9 /* SearchPositiveTransition.m */,
				8F560B2C1FF371B200E726F9 /* SearchNegativeTransition.h */,
				8F560B2D1FF371B200E726F9 /* SearchNegativeTransition.m */,
			);
			path = transition_rightbt;
			sourceTree = "<group>";
		};
		8F560B301FF3890600E726F9 /* Add */ = {
			isa = PBXGroup;
			children = (
				8F560B311FF3891C00E726F9 /* AddVC.h */,
				8F560B321FF3891C00E726F9 /* AddVC.m */,
				8F560B341FF38B4C00E726F9 /* transition */,
			);
			path = Add;
			sourceTree = "<group>";
		};
		8F560B341FF38B4C00E726F9 /* transition */ = {
			isa = PBXGroup;
			children = (
				8F560B351FF38B6100E726F9 /* AddTransition.h */,
				8F560B361FF38B6100E726F9 /* AddTransition.m */,
				8F560B381FF38CB600E726F9 /* PresentController.h */,
				8F560B391FF38CB600E726F9 /* PresentController.m */,
			);
			path = transition;
			sourceTree = "<group>";
		};
		8F63F930237E95F800F83A12 /* Login */ = {
			isa = PBXGroup;
			children = (
				8F63F931237E961B00F83A12 /* LoginVC.h */,
				8F63F932237E961B00F83A12 /* LoginVC.m */,
			);
			path = Login;
			sourceTree = "<group>";
		};
		8FBE48AE1EF29F15005F0E74 /* transition_leftbt */ = {
			isa = PBXGroup;
			children = (
				8FBE48AF1EF29F15005F0E74 /* PingReverseTransition.h */,
				8FBE48B01EF29F15005F0E74 /* PingReverseTransition.m */,
				8FBE48B11EF29F15005F0E74 /* PingTransition.h */,
				8FBE48B21EF29F15005F0E74 /* PingTransition.m */,
			);
			path = transition_leftbt;
			sourceTree = "<group>";
		};
		8FE58A86203C095800816ACC /* gesturePwd */ = {
			isa = PBXGroup;
			children = (
				8FE58A89203C095800816ACC /* Header.h */,
				8FE58A87203C095800816ACC /* AlipaySubItem.h */,
				8FE58A8D203C095800816ACC /* AlipaySubItem.m */,
				8FE58A8F203C095800816ACC /* KeychainData.h */,
				8FE58A8A203C095800816ACC /* KeychainData.m */,
				8FE58A90203C095800816ACC /* AliPayViews.h */,
				8FE58A88203C095800816ACC /* AliPayViews.m */,
				8FE58A91203C095800816ACC /* AliPayItem.h */,
				8FE58A8C203C095800816ACC /* AliPayItem.m */,
				8FE58A8E203C095800816ACC /* KeychainItemWrapper.h */,
				8FE58A8B203C095800816ACC /* KeychainItemWrapper.m */,
			);
			path = gesturePwd;
			sourceTree = "<group>";
		};
		8FFC6CE31EEF735A00F55173 = {
			isa = PBXGroup;
			children = (
				8FF9601D209C0F7400751522 /* Podfile */,
				8FFC6CEE1EEF735A00F55173 /* xtcPwd */,
				8FFC6CED1EEF735A00F55173 /* Products */,
				675E837E288704CCB2A32852 /* Pods */,
				103B394664DFEE2E8762589E /* Frameworks */,
			);
			sourceTree = "<group>";
		};
		8FFC6CED1EEF735A00F55173 /* Products */ = {
			isa = PBXGroup;
			children = (
				8FFC6CEC1EEF735A00F55173 /* xtcPwd.app */,
			);
			name = Products;
			sourceTree = "<group>";
		};
		8FFC6CEE1EEF735A00F55173 /* xtcPwd */ = {
			isa = PBXGroup;
			children = (
				8FFC6CF81EEF735A00F55173 /* Main.storyboard */,
				8F15F29D23754FD900D3FDFA /* PrefixHeader.pch */,
				8FFC6CF21EEF735A00F55173 /* AppDelegate.h */,
				8FFC6CF31EEF735A00F55173 /* AppDelegate.m */,
				8F7AA6D121394F390026344A /* MyColors.plist */,
				8F7AA6D221394F390026344A /* XTColor+MyColors.h */,
				8F7AA6D321394F390026344A /* XTColor+MyColors.m */,
				7D4B27BB20286B26001CA91B /* Vender */,
				8FFC6D211EEF7A5A00F55173 /* Model */,
				8FFC6D1A1EEF74E000F55173 /* VC */,
				8FFC6D281EEF832500F55173 /* Util */,
				8FFC6CFB1EEF735A00F55173 /* Assets.xcassets */,
				8FFC6CFD1EEF735A00F55173 /* LaunchScreen.storyboard */,
				8FFC6D001EEF735A00F55173 /* Info.plist */,
				8FF9601B209C0F5B00751522 /* GoogleService-Info.plist */,
				8FFC6CEF1EEF735A00F55173 /* Supporting Files */,
				8FC704662199292400ADCF57 /* test.js */,
			);
			path = xtcPwd;
			sourceTree = "<group>";
		};
		8FFC6CEF1EEF735A00F55173 /* Supporting Files */ = {
			isa = PBXGroup;
			children = (
				8FFC6CF01EEF735A00F55173 /* main.m */,
			);
			name = "Supporting Files";
			sourceTree = "<group>";
		};
		8FFC6D1A1EEF74E000F55173 /* VC */ = {
			isa = PBXGroup;
			children = (
				8F63F930237E95F800F83A12 /* Login */,
				8F560B0D1FF0BE6400E726F9 /* MainList */,
				8F560B301FF3890600E726F9 /* Add */,
				8F560B181FF2146300E726F9 /* Search */,
				8F560B0E1FF0BE8000E726F9 /* Detail */,
				8F560B0F1FF0BE8D00E726F9 /* Edit */,
				7D4B27C2202993EC001CA91B /* Photos */,
				8F560B101FF0BE9D00E726F9 /* User */,
			);
			name = VC;
			sourceTree = "<group>";
		};
		8FFC6D211EEF7A5A00F55173 /* Model */ = {
			isa = PBXGroup;
			children = (
				8FFC6D221EEF7A8000F55173 /* PwdItem.h */,
				8FFC6D231EEF7A8000F55173 /* PwdItem.m */,
				8F560B1F1FF3281800E726F9 /* FilterCondition.h */,
				8F560B201FF3281800E726F9 /* FilterCondition.m */,
				7DBF8FC72022F32E0030C3D5 /* ReqUtil.h */,
				7DBF8FC82022F32E0030C3D5 /* ReqUtil.m */,
				7DBF8FCA2022F7080030C3D5 /* BYImageValue.h */,
				7DBF8FCB2022F7080030C3D5 /* BYImageValue.m */,
			);
			name = Model;
			sourceTree = "<group>";
		};
		8FFC6D281EEF832500F55173 /* Util */ = {
			isa = PBXGroup;
			children = (
				8F560AF81FF0981000E726F9 /* PinYin4Objc */,
			);
			path = Util;
			sourceTree = "<group>";
		};
/* End PBXGroup section */

/* Begin PBXNativeTarget section */
		8FFC6CEB1EEF735A00F55173 /* xtcPwd */ = {
			isa = PBXNativeTarget;
			buildConfigurationList = 8FFC6D031EEF735A00F55173 /* Build configuration list for PBXNativeTarget "xtcPwd" */;
			buildPhases = (
				86FEF2FAD42281ACBDD164F4 /* [CP] Check Pods Manifest.lock */,
				8FFC6CE81EEF735A00F55173 /* Sources */,
				8FFC6CE91EEF735A00F55173 /* Frameworks */,
				8FFC6CEA1EEF735A00F55173 /* Resources */,
				8FF9601F209C108400751522 /* ShellScript */,
				4115A30ED016EC3594CDAD7C /* [CP] Embed Pods Frameworks */,
			);
			buildRules = (
			);
			dependencies = (
			);
			name = xtcPwd;
			productName = xtcPwd;
			productReference = 8FFC6CEC1EEF735A00F55173 /* xtcPwd.app */;
			productType = "com.apple.product-type.application";
		};
/* End PBXNativeTarget section */

/* Begin PBXProject section */
		8FFC6CE41EEF735A00F55173 /* Project object */ = {
			isa = PBXProject;
			attributes = {
				LastUpgradeCheck = 0830;
				ORGANIZATIONNAME = teason;
				TargetAttributes = {
					8FFC6CEB1EEF735A00F55173 = {
						CreatedOnToolsVersion = 8.3.3;
						DevelopmentTeam = 5D74XHX7AD;
						ProvisioningStyle = Automatic;
					};
				};
			};
			buildConfigurationList = 8FFC6CE71EEF735A00F55173 /* Build configuration list for PBXProject "xtcPwd" */;
			compatibilityVersion = "Xcode 3.2";
			developmentRegion = English;
			hasScannedForEncodings = 0;
			knownRegions = (
				English,
				en,
				Base,
			);
			mainGroup = 8FFC6CE31EEF735A00F55173;
			productRefGroup = 8FFC6CED1EEF735A00F55173 /* Products */;
			projectDirPath = "";
			projectRoot = "";
			targets = (
				8FFC6CEB1EEF735A00F55173 /* xtcPwd */,
			);
		};
/* End PBXProject section */

/* Begin PBXResourcesBuildPhase section */
		8FFC6CEA1EEF735A00F55173 /* Resources */ = {
			isa = PBXResourcesBuildPhase;
			buildActionMask = 2147483647;
			files = (
				8FC704672199292400ADCF57 /* test.js in Resources */,
				7DBF8FD420240D8D0030C3D5 /* DetailCollectionCell.xib in Resources */,
				8FF9601E209C0F7400751522 /* Podfile in Resources */,
				8F7AA6D421394F390026344A /* MyColors.plist in Resources */,
				8F560B0C1FF0981100E726F9 /* unicode_to_hanyu_pinyin.txt in Resources */,
				8FFC6CFF1EEF735A00F55173 /* LaunchScreen.storyboard in Resources */,
				8FFC6CFC1EEF735A00F55173 /* Assets.xcassets in Resources */,
				8FFC6CFA1EEF735A00F55173 /* Main.storyboard in Resources */,
				8FF9601C209C0F5B00751522 /* GoogleService-Info.plist in Resources */,
				8F15F29823754D1800D3FDFA /* UnsplashCell.xib in Resources */,
			);
			runOnlyForDeploymentPostprocessing = 0;
		};
/* End PBXResourcesBuildPhase section */

/* Begin PBXShellScriptBuildPhase section */
		4115A30ED016EC3594CDAD7C /* [CP] Embed Pods Frameworks */ = {
			isa = PBXShellScriptBuildPhase;
			buildActionMask = 2147483647;
			files = (
			);
			inputPaths = (
				"${PODS_ROOT}/Target Support Files/Pods-xtcPwd/Pods-xtcPwd-frameworks.sh",
				"${BUILT_PRODUCTS_DIR}/AFNetworking/AFNetworking.framework",
				"${BUILT_PRODUCTS_DIR}/CHTCollectionViewWaterfallLayout/CHTCollectionViewWaterfallLayout.framework",
				"${BUILT_PRODUCTS_DIR}/CocoaLumberjack/CocoaLumberjack.framework",
				"${BUILT_PRODUCTS_DIR}/FDFullscreenPopGesture/FDFullscreenPopGesture.framework",
				"${BUILT_PRODUCTS_DIR}/FMDB/FMDB.framework",
				"${BUILT_PRODUCTS_DIR}/IQKeyboardManager/IQKeyboardManager.framework",
				"${BUILT_PRODUCTS_DIR}/MJRefresh/MJRefresh.framework",
				"${BUILT_PRODUCTS_DIR}/Masonry/Masonry.framework",
				"${BUILT_PRODUCTS_DIR}/RSKImageCropper/RSKImageCropper.framework",
				"${BUILT_PRODUCTS_DIR}/ReactiveObjC/ReactiveObjC.framework",
				"${BUILT_PRODUCTS_DIR}/SDWebImage/SDWebImage.framework",
				"${BUILT_PRODUCTS_DIR}/SSZipArchive/SSZipArchive.framework",
				"${BUILT_PRODUCTS_DIR}/SVProgressHUD/SVProgressHUD.framework",
				"${BUILT_PRODUCTS_DIR}/UIFontWDCustomLoader/UIFontWDCustomLoader.framework",
				"${BUILT_PRODUCTS_DIR}/UITableView+FDTemplateLayoutCell/UITableView_FDTemplateLayoutCell.framework",
				"${BUILT_PRODUCTS_DIR}/Valet/Valet.framework",
				"${BUILT_PRODUCTS_DIR}/XTBase/XTBase.framework",
				"${BUILT_PRODUCTS_DIR}/XTColor/XTColor.framework",
				"${BUILT_PRODUCTS_DIR}/XTFMDB/XTFMDB.framework",
				"${BUILT_PRODUCTS_DIR}/XTIAP/XTIAP.framework",
				"${BUILT_PRODUCTS_DIR}/XTReq/XTReq.framework",
				"${BUILT_PRODUCTS_DIR}/XTRouter/XTRouter.framework",
				"${BUILT_PRODUCTS_DIR}/XTTable/XTTable.framework",
				"${BUILT_PRODUCTS_DIR}/XTlib/XTlib.framework",
				"${BUILT_PRODUCTS_DIR}/YYModel/YYModel.framework",
			);
			name = "[CP] Embed Pods Frameworks";
			outputPaths = (
				"${TARGET_BUILD_DIR}/${FRAMEWORKS_FOLDER_PATH}/AFNetworking.framework",
				"${TARGET_BUILD_DIR}/${FRAMEWORKS_FOLDER_PATH}/CHTCollectionViewWaterfallLayout.framework",
				"${TARGET_BUILD_DIR}/${FRAMEWORKS_FOLDER_PATH}/CocoaLumberjack.framework",
				"${TARGET_BUILD_DIR}/${FRAMEWORKS_FOLDER_PATH}/FDFullscreenPopGesture.framework",
				"${TARGET_BUILD_DIR}/${FRAMEWORKS_FOLDER_PATH}/FMDB.framework",
				"${TARGET_BUILD_DIR}/${FRAMEWORKS_FOLDER_PATH}/IQKeyboardManager.framework",
				"${TARGET_BUILD_DIR}/${FRAMEWORKS_FOLDER_PATH}/MJRefresh.framework",
				"${TARGET_BUILD_DIR}/${FRAMEWORKS_FOLDER_PATH}/Masonry.framework",
				"${TARGET_BUILD_DIR}/${FRAMEWORKS_FOLDER_PATH}/RSKImageCropper.framework",
				"${TARGET_BUILD_DIR}/${FRAMEWORKS_FOLDER_PATH}/ReactiveObjC.framework",
				"${TARGET_BUILD_DIR}/${FRAMEWORKS_FOLDER_PATH}/SDWebImage.framework",
				"${TARGET_BUILD_DIR}/${FRAMEWORKS_FOLDER_PATH}/SSZipArchive.framework",
				"${TARGET_BUILD_DIR}/${FRAMEWORKS_FOLDER_PATH}/SVProgressHUD.framework",
				"${TARGET_BUILD_DIR}/${FRAMEWORKS_FOLDER_PATH}/UIFontWDCustomLoader.framework",
				"${TARGET_BUILD_DIR}/${FRAMEWORKS_FOLDER_PATH}/UITableView_FDTemplateLayoutCell.framework",
				"${TARGET_BUILD_DIR}/${FRAMEWORKS_FOLDER_PATH}/Valet.framework",
				"${TARGET_BUILD_DIR}/${FRAMEWORKS_FOLDER_PATH}/XTBase.framework",
				"${TARGET_BUILD_DIR}/${FRAMEWORKS_FOLDER_PATH}/XTColor.framework",
				"${TARGET_BUILD_DIR}/${FRAMEWORKS_FOLDER_PATH}/XTFMDB.framework",
				"${TARGET_BUILD_DIR}/${FRAMEWORKS_FOLDER_PATH}/XTIAP.framework",
				"${TARGET_BUILD_DIR}/${FRAMEWORKS_FOLDER_PATH}/XTReq.framework",
				"${TARGET_BUILD_DIR}/${FRAMEWORKS_FOLDER_PATH}/XTRouter.framework",
				"${TARGET_BUILD_DIR}/${FRAMEWORKS_FOLDER_PATH}/XTTable.framework",
				"${TARGET_BUILD_DIR}/${FRAMEWORKS_FOLDER_PATH}/XTlib.framework",
				"${TARGET_BUILD_DIR}/${FRAMEWORKS_FOLDER_PATH}/YYModel.framework",
			);
			runOnlyForDeploymentPostprocessing = 0;
			shellPath = /bin/sh;
			shellScript = "\"${PODS_ROOT}/Target Support Files/Pods-xtcPwd/Pods-xtcPwd-frameworks.sh\"\n";
			showEnvVarsInLog = 0;
		};
		86FEF2FAD42281ACBDD164F4 /* [CP] Check Pods Manifest.lock */ = {
			isa = PBXShellScriptBuildPhase;
			buildActionMask = 2147483647;
			files = (
			);
			inputPaths = (
				"${PODS_PODFILE_DIR_PATH}/Podfile.lock",
				"${PODS_ROOT}/Manifest.lock",
			);
			name = "[CP] Check Pods Manifest.lock";
			outputPaths = (
				"$(DERIVED_FILE_DIR)/Pods-xtcPwd-checkManifestLockResult.txt",
			);
			runOnlyForDeploymentPostprocessing = 0;
			shellPath = /bin/sh;
			shellScript = "diff \"${PODS_PODFILE_DIR_PATH}/Podfile.lock\" \"${PODS_ROOT}/Manifest.lock\" > /dev/null\nif [ $? != 0 ] ; then\n    # print error to STDERR\n    echo \"error: The sandbox is not in sync with the Podfile.lock. Run 'pod install' or update your CocoaPods installation.\" >&2\n    exit 1\nfi\n# This output is used by Xcode 'outputs' to avoid re-running this script phase.\necho \"SUCCESS\" > \"${SCRIPT_OUTPUT_FILE_0}\"\n";
			showEnvVarsInLog = 0;
		};
		8FF9601F209C108400751522 /* ShellScript */ = {
			isa = PBXShellScriptBuildPhase;
			buildActionMask = 2147483647;
			files = (
			);
			inputPaths = (
			);
			outputPaths = (
			);
			runOnlyForDeploymentPostprocessing = 0;
			shellScript = "
";
			showEnvVarsInLog = 0;
		};
/* End PBXShellScriptBuildPhase section */

/* Begin PBXSourcesBuildPhase section */
		8FFC6CE81EEF735A00F55173 /* Sources */ = {
			isa = PBXSourcesBuildPhase;
			buildActionMask = 2147483647;
			files = (
				8F560B3A1FF38CB600E726F9 /* PresentController.m in Sources */,
				8F560B171FF0EB5B00E726F9 /* CellNegativeTransition.m in Sources */,
				8F7AA6D521394F390026344A /* XTColor+MyColors.m in Sources */,
				8FBE48B41EF29F15005F0E74 /* PingTransition.m in Sources */,
				7D4B27C520299403001CA91B /* PhotosVC.m in Sources */,
				8FE58A99203C202200816ACC /* SetpasswordViewController.m in Sources */,
				8F560B141FF0CA8E00E726F9 /* CellPositiveTransition.m in Sources */,
				8F560B331FF3891C00E726F9 /* AddVC.m in Sources */,
				8FE58A96203C095800816ACC /* AlipaySubItem.m in Sources */,
				8FFC6D271EEF7EBD00F55173 /* ListCell.m in Sources */,
				8F560B071FF0981100E726F9 /* NSString+PinYin4Cocoa.m in Sources */,
				8F560B2B1FF34ADE00E726F9 /* SearchPositiveTransition.m in Sources */,
				7D4B27C12029547A001CA91B /* PwdTableViewHandler.m in Sources */,
				8F04A0892005CFCE00021908 /* SearchVCCell.m in Sources */,
				7DBF8FCC2022F7080030C3D5 /* BYImageValue.m in Sources */,
				8FE58A93203C095800816ACC /* KeychainData.m in Sources */,
				8FFC6D241EEF7A8000F55173 /* PwdItem.m in Sources */,
				8F560B2E1FF371B300E726F9 /* SearchNegativeTransition.m in Sources */,
				7DBF8FD320240D8D0030C3D5 /* DetailCollectionCell.m in Sources */,
				8F15F29B23754D1800D3FDFA /* UnsplashPhoto.m in Sources */,
				8FFC6D191EEF74D900F55173 /* PwdListController.m in Sources */,
				8FFC6D1D1EEF7A3B00F55173 /* DetailViewController.m in Sources */,
				8FFC6CF41EEF735A00F55173 /* AppDelegate.m in Sources */,
				8FC14CFB1FF3FBB40024F86E /* SearchVC.m in Sources */,
				8F63F933237E961B00F83A12 /* LoginVC.m in Sources */,
				8F15F29A23754D1800D3FDFA /* UnsplashCell.m in Sources */,
				8FFC6D201EEF7A4B00F55173 /* EditViewController.m in Sources */,
				8F560B091FF0981100E726F9 /* HanyuPinyinOutputFormat.m in Sources */,
				8F560B0B1FF0981100E726F9 /* PinyinFormatter.m in Sources */,
				8FE58A95203C095800816ACC /* AliPayItem.m in Sources */,
				8F560B211FF3281800E726F9 /* FilterCondition.m in Sources */,
				8F560B371FF38B6100E726F9 /* AddTransition.m in Sources */,
				8F560B081FF0981100E726F9 /* PinyinHelper.m in Sources */,
				8F560B0A1FF0981100E726F9 /* ChineseToPinyinResource.m in Sources */,
				8FFC6CF11EEF735A00F55173 /* main.m in Sources */,
				8FE58A94203C095800816ACC /* KeychainItemWrapper.m in Sources */,
				7D4B27BE20286B3D001CA91B /* HJCarouselViewLayout.m in Sources */,
				7DBF8FC92022F32E0030C3D5 /* ReqUtil.m in Sources */,
				8F15F29923754D1800D3FDFA /* UnsplashRequest.m in Sources */,
				8F15F29C23754D1800D3FDFA /* UnsplashVC.m in Sources */,
				8FBE487B1EF2764C005F0E74 /* UserViewController.m in Sources */,
				8FE58A92203C095800816ACC /* AliPayViews.m in Sources */,
				8FBE48B31EF29F15005F0E74 /* PingReverseTransition.m in Sources */,
			);
			runOnlyForDeploymentPostprocessing = 0;
		};
/* End PBXSourcesBuildPhase section */

/* Begin PBXVariantGroup section */
		8FFC6CF81EEF735A00F55173 /* Main.storyboard */ = {
			isa = PBXVariantGroup;
			children = (
				8FFC6CF91EEF735A00F55173 /* Base */,
			);
			name = Main.storyboard;
			sourceTree = "<group>";
		};
		8FFC6CFD1EEF735A00F55173 /* LaunchScreen.storyboard */ = {
			isa = PBXVariantGroup;
			children = (
				8FFC6CFE1EEF735A00F55173 /* Base */,
			);
			name = LaunchScreen.storyboard;
			sourceTree = "<group>";
		};
/* End PBXVariantGroup section */

/* Begin XCBuildConfiguration section */
		8FFC6D011EEF735A00F55173 /* Debug */ = {
			isa = XCBuildConfiguration;
			buildSettings = {
				ALWAYS_SEARCH_USER_PATHS = NO;
				CLANG_ANALYZER_NONNULL = YES;
				CLANG_ANALYZER_NUMBER_OBJECT_CONVERSION = YES_AGGRESSIVE;
				CLANG_CXX_LANGUAGE_STANDARD = "gnu++0x";
				CLANG_CXX_LIBRARY = "libc++";
				CLANG_ENABLE_MODULES = YES;
				CLANG_ENABLE_OBJC_ARC = YES;
				CLANG_WARN_BOOL_CONVERSION = YES;
				CLANG_WARN_CONSTANT_CONVERSION = YES;
				CLANG_WARN_DIRECT_OBJC_ISA_USAGE = YES_ERROR;
				CLANG_WARN_DOCUMENTATION_COMMENTS = YES;
				CLANG_WARN_EMPTY_BODY = YES;
				CLANG_WARN_ENUM_CONVERSION = YES;
				CLANG_WARN_INFINITE_RECURSION = YES;
				CLANG_WARN_INT_CONVERSION = YES;
				CLANG_WARN_OBJC_ROOT_CLASS = YES_ERROR;
				CLANG_WARN_SUSPICIOUS_MOVE = YES;
				CLANG_WARN_UNREACHABLE_CODE = YES;
				CLANG_WARN__DUPLICATE_METHOD_MATCH = YES;
				"CODE_SIGN_IDENTITY[sdk=iphoneos*]" = "iPhone Developer";
				COPY_PHASE_STRIP = NO;
				DEBUG_INFORMATION_FORMAT = dwarf;
				ENABLE_STRICT_OBJC_MSGSEND = YES;
				ENABLE_TESTABILITY = YES;
				GCC_C_LANGUAGE_STANDARD = gnu99;
				GCC_DYNAMIC_NO_PIC = NO;
				GCC_NO_COMMON_BLOCKS = YES;
				GCC_OPTIMIZATION_LEVEL = 0;
				GCC_PREPROCESSOR_DEFINITIONS = (
					"DEBUG=1",
					"$(inherited)",
				);
				GCC_WARN_64_TO_32_BIT_CONVERSION = YES;
				GCC_WARN_ABOUT_RETURN_TYPE = YES_ERROR;
				GCC_WARN_UNDECLARED_SELECTOR = YES;
				GCC_WARN_UNINITIALIZED_AUTOS = YES_AGGRESSIVE;
				GCC_WARN_UNUSED_FUNCTION = YES;
				GCC_WARN_UNUSED_VARIABLE = YES;
				IPHONEOS_DEPLOYMENT_TARGET = 10.3;
				MTL_ENABLE_DEBUG_INFO = YES;
				ONLY_ACTIVE_ARCH = YES;
				SDKROOT = iphoneos;
				TARGETED_DEVICE_FAMILY = "1,2";
			};
			name = Debug;
		};
		8FFC6D021EEF735A00F55173 /* Release */ = {
			isa = XCBuildConfiguration;
			buildSettings = {
				ALWAYS_SEARCH_USER_PATHS = NO;
				CLANG_ANALYZER_NONNULL = YES;
				CLANG_ANALYZER_NUMBER_OBJECT_CONVERSION = YES_AGGRESSIVE;
				CLANG_CXX_LANGUAGE_STANDARD = "gnu++0x";
				CLANG_CXX_LIBRARY = "libc++";
				CLANG_ENABLE_MODULES = YES;
				CLANG_ENABLE_OBJC_ARC = YES;
				CLANG_WARN_BOOL_CONVERSION = YES;
				CLANG_WARN_CONSTANT_CONVERSION = YES;
				CLANG_WARN_DIRECT_OBJC_ISA_USAGE = YES_ERROR;
				CLANG_WARN_DOCUMENTATION_COMMENTS = YES;
				CLANG_WARN_EMPTY_BODY = YES;
				CLANG_WARN_ENUM_CONVERSION = YES;
				CLANG_WARN_INFINITE_RECURSION = YES;
				CLANG_WARN_INT_CONVERSION = YES;
				CLANG_WARN_OBJC_ROOT_CLASS = YES_ERROR;
				CLANG_WARN_SUSPICIOUS_MOVE = YES;
				CLANG_WARN_UNREACHABLE_CODE = YES;
				CLANG_WARN__DUPLICATE_METHOD_MATCH = YES;
				"CODE_SIGN_IDENTITY[sdk=iphoneos*]" = "iPhone Developer";
				COPY_PHASE_STRIP = NO;
				DEBUG_INFORMATION_FORMAT = "dwarf-with-dsym";
				ENABLE_NS_ASSERTIONS = NO;
				ENABLE_STRICT_OBJC_MSGSEND = YES;
				GCC_C_LANGUAGE_STANDARD = gnu99;
				GCC_NO_COMMON_BLOCKS = YES;
				GCC_WARN_64_TO_32_BIT_CONVERSION = YES;
				GCC_WARN_ABOUT_RETURN_TYPE = YES_ERROR;
				GCC_WARN_UNDECLARED_SELECTOR = YES;
				GCC_WARN_UNINITIALIZED_AUTOS = YES_AGGRESSIVE;
				GCC_WARN_UNUSED_FUNCTION = YES;
				GCC_WARN_UNUSED_VARIABLE = YES;
				IPHONEOS_DEPLOYMENT_TARGET = 10.3;
				MTL_ENABLE_DEBUG_INFO = NO;
				SDKROOT = iphoneos;
				TARGETED_DEVICE_FAMILY = "1,2";
				VALIDATE_PRODUCT = YES;
			};
			name = Release;
		};
		8FFC6D041EEF735A00F55173 /* Debug */ = {
			isa = XCBuildConfiguration;
			baseConfigurationReference = 584BB44BB24BE551F2224502 /* Pods-xtcPwd.debug.xcconfig */;
			buildSettings = {
				ASSETCATALOG_COMPILER_APPICON_NAME = AppIcon;
				DEVELOPMENT_TEAM = 5D74XHX7AD;
				GCC_PREFIX_HEADER = "$(SRCROOT)/xtcPwd/PrefixHeader.pch";
				INFOPLIST_FILE = xtcPwd/Info.plist;
				LD_RUNPATH_SEARCH_PATHS = "$(inherited) @executable_path/Frameworks";
				PRODUCT_BUNDLE_IDENTIFIER = im.shimo.app.demo1;
				PRODUCT_NAME = "$(TARGET_NAME)";
				TARGETED_DEVICE_FAMILY = 1;
			};
			name = Debug;
		};
		8FFC6D051EEF735A00F55173 /* Release */ = {
			isa = XCBuildConfiguration;
			baseConfigurationReference = 6D14ABF917EF77F2AA611DCF /* Pods-xtcPwd.release.xcconfig */;
			buildSettings = {
				ASSETCATALOG_COMPILER_APPICON_NAME = AppIcon;
				DEVELOPMENT_TEAM = 5D74XHX7AD;
				GCC_PREFIX_HEADER = "$(SRCROOT)/xtcPwd/PrefixHeader.pch";
				INFOPLIST_FILE = xtcPwd/Info.plist;
				LD_RUNPATH_SEARCH_PATHS = "$(inherited) @executable_path/Frameworks";
				PRODUCT_BUNDLE_IDENTIFIER = im.shimo.app.demo1;
				PRODUCT_NAME = "$(TARGET_NAME)";
				TARGETED_DEVICE_FAMILY = 1;
			};
			name = Release;
		};
/* End XCBuildConfiguration section */

/* Begin XCConfigurationList section */
		8FFC6CE71EEF735A00F55173 /* Build configuration list for PBXProject "xtcPwd" */ = {
			isa = XCConfigurationList;
			buildConfigurations = (
				8FFC6D011EEF735A00F55173 /* Debug */,
				8FFC6D021EEF735A00F55173 /* Release */,
			);
			defaultConfigurationIsVisible = 0;
			defaultConfigurationName = Release;
		};
		8FFC6D031EEF735A00F55173 /* Build configuration list for PBXNativeTarget "xtcPwd" */ = {
			isa = XCConfigurationList;
			buildConfigurations = (
				8FFC6D041EEF735A00F55173 /* Debug */,
				8FFC6D051EEF735A00F55173 /* Release */,
			);
			defaultConfigurationIsVisible = 0;
			defaultConfigurationName = Release;
		};
/* End XCConfigurationList section */
	};
	rootObject = 8FFC6CE41EEF735A00F55173 /* Project object */;
}
